
Microsoft Visual Studio Solution File, Format Version 12.00
# Visual Studio Version 17
VisualStudioVersion = 17.3.32929.385
MinimumVisualStudioVersion = 10.0.40219.1
Project("{FAE04EC0-301F-11D3-BF4B-00C04F79EFBC}") = "ozra_vaje4", "ozra_vaje4\ozra_vaje4.csproj", "{422AAF01-53D6-4394-9287-A22BC21C514B}"
EndProject
Global
	GlobalSection(SolutionConfigurationPlatforms) = preSolution
		Debug|Any CPU = Debug|Any CPU
		Release|Any CPU = Release|Any CPU
	EndGlobalSection
	GlobalSection(ProjectConfigurationPlatforms) = postSolution
		{422AAF01-53D6-4394-9287-A22BC21C514B}.Debug|Any CPU.ActiveCfg = Debug|Any CPU
		{422AAF01-53D6-4394-9287-A22BC21C514B}.Debug|Any CPU.Build.0 = Debug|Any CPU
		{422AAF01-53D6-4394-9287-A22BC21C514B}.Release|Any CPU.ActiveCfg = Release|Any CPU
		{422AAF01-53D6-4394-9287-A22BC21C514B}.Release|Any CPU.Build.0 = Release|Any CPU
	EndGlobalSection
	GlobalSection(SolutionProperties) = preSolution
		HideSolutionNode = FALSE
	EndGlobalSection
	GlobalSection(ExtensibilityGlobals) = postSolution
		SolutionGuid = {EEC170B3-34A9-42BA-8ECF-F22ED4EFDB5C}
	EndGlobalSection
EndGlobal
